
Microsoft Visual Studio Solution File, Format Version 12.00
# Visual Studio Version 17
VisualStudioVersion = 17.1.32210.238
MinimumVisualStudioVersion = 10.0.40219.1
Project("{2150E333-8FDC-42A3-9474-1A3956D46DE8}") = "src", "src", "{F1BB5BFD-4220-4486-B8ED-AF7E09AA0875}"
EndProject
Project("{2150E333-8FDC-42A3-9474-1A3956D46DE8}") = "API", "API", "{C00AC987-F614-45D2-ACFA-0519CE8BC964}"
EndProject
Project("{2150E333-8FDC-42A3-9474-1A3956D46DE8}") = "Core", "Core", "{A8806207-3F08-4161-A305-998386EB3A63}"
EndProject
Project("{2150E333-8FDC-42A3-9474-1A3956D46DE8}") = "Infrastructure", "Infrastructure", "{D99460E3-7114-4A4F-ADE1-92DC050C2519}"
EndProject
Project("{9A19103F-16F7-4668-BE54-9A1E7A4F7556}") = "ToDoList.Application", "src\ToDoList.Application\ToDoList.Application.csproj", "{81B92A37-441B-4BA9-B8E6-A7CE3639B45F}"
EndProject
Project("{FAE04EC0-301F-11D3-BF4B-00C04F79EFBC}") = "ToDoList.Domain", "src\ToDoList.Domain\ToDoList.Domain.csproj", "{F0DC2BA3-0632-434F-8D78-E930455CAEF5}"
EndProject
Project("{9A19103F-16F7-4668-BE54-9A1E7A4F7556}") = "ToDoList.Persistence", "src\ToDoList.Persistence\ToDoList.Persistence.csproj", "{302E8FA0-BA37-4032-AB77-65D34D2272C8}"
EndProject
Project("{FAE04EC0-301F-11D3-BF4B-00C04F79EFBC}") = "ToDoList.Api", "src\ToDoList.Api\ToDoList.Api.csproj", "{8780F7D0-3FFE-4605-8EA0-FA2D9A90FE6D}"
EndProject
Project("{2150E333-8FDC-42A3-9474-1A3956D46DE8}") = "test", "test", "{DB095B08-4836-478A-8170-1064563A1010}"
EndProject
Project("{FAE04EC0-301F-11D3-BF4B-00C04F79EFBC}") = "TodoList.UnitTest", "test\TodoList.UnitTest\TodoList.UnitTest.csproj", "{C8848724-A2A3-4B21-821D-2AE010270753}"
EndProject
Project("{FAE04EC0-301F-11D3-BF4B-00C04F79EFBC}") = "ToDoList.Api.IntegrationTest", "test\ToDoList.Api.IntegrationTest\ToDoList.Api.IntegrationTest.csproj", "{BEAF4785-5284-4ACC-A807-9763B7A54CC3}"
EndProject
Project("{E53339B2-1760-4266-BCC7-CA923CBCF16C}") = "docker-compose", "docker-compose.dcproj", "{14D4955E-7E9B-427A-8071-C5F827773761}"
EndProject
Global
	GlobalSection(SolutionConfigurationPlatforms) = preSolution
		Debug|Any CPU = Debug|Any CPU
		Release|Any CPU = Release|Any CPU
	EndGlobalSection
	GlobalSection(ProjectConfigurationPlatforms) = postSolution
		{81B92A37-441B-4BA9-B8E6-A7CE3639B45F}.Debug|Any CPU.ActiveCfg = Debug|Any CPU
		{81B92A37-441B-4BA9-B8E6-A7CE3639B45F}.Debug|Any CPU.Build.0 = Debug|Any CPU
		{81B92A37-441B-4BA9-B8E6-A7CE3639B45F}.Release|Any CPU.ActiveCfg = Release|Any CPU
		{81B92A37-441B-4BA9-B8E6-A7CE3639B45F}.Release|Any CPU.Build.0 = Release|Any CPU
		{F0DC2BA3-0632-434F-8D78-E930455CAEF5}.Debug|Any CPU.ActiveCfg = Debug|Any CPU
		{F0DC2BA3-0632-434F-8D78-E930455CAEF5}.Debug|Any CPU.Build.0 = Debug|Any CPU
		{F0DC2BA3-0632-434F-8D78-E930455CAEF5}.Release|Any CPU.ActiveCfg = Release|Any CPU
		{F0DC2BA3-0632-434F-8D78-E930455CAEF5}.Release|Any CPU.Build.0 = Release|Any CPU
		{302E8FA0-BA37-4032-AB77-65D34D2272C8}.Debug|Any CPU.ActiveCfg = Debug|Any CPU
		{302E8FA0-BA37-4032-AB77-65D34D2272C8}.Debug|Any CPU.Build.0 = Debug|Any CPU
		{302E8FA0-BA37-4032-AB77-65D34D2272C8}.Release|Any CPU.ActiveCfg = Release|Any CPU
		{302E8FA0-BA37-4032-AB77-65D34D2272C8}.Release|Any CPU.Build.0 = Release|Any CPU
		{8780F7D0-3FFE-4605-8EA0-FA2D9A90FE6D}.Debug|Any CPU.ActiveCfg = Debug|Any CPU
		{8780F7D0-3FFE-4605-8EA0-FA2D9A90FE6D}.Debug|Any CPU.Build.0 = Debug|Any CPU
		{8780F7D0-3FFE-4605-8EA0-FA2D9A90FE6D}.Release|Any CPU.ActiveCfg = Release|Any CPU
		{8780F7D0-3FFE-4605-8EA0-FA2D9A90FE6D}.Release|Any CPU.Build.0 = Release|Any CPU
		{C8848724-A2A3-4B21-821D-2AE010270753}.Debug|Any CPU.ActiveCfg = Debug|Any CPU
		{C8848724-A2A3-4B21-821D-2AE010270753}.Debug|Any CPU.Build.0 = Debug|Any CPU
		{C8848724-A2A3-4B21-821D-2AE010270753}.Release|Any CPU.ActiveCfg = Release|Any CPU
		{C8848724-A2A3-4B21-821D-2AE010270753}.Release|Any CPU.Build.0 = Release|Any CPU
		{BEAF4785-5284-4ACC-A807-9763B7A54CC3}.Debug|Any CPU.ActiveCfg = Debug|Any CPU
		{BEAF4785-5284-4ACC-A807-9763B7A54CC3}.Debug|Any CPU.Build.0 = Debug|Any CPU
		{BEAF4785-5284-4ACC-A807-9763B7A54CC3}.Release|Any CPU.ActiveCfg = Release|Any CPU
		{BEAF4785-5284-4ACC-A807-9763B7A54CC3}.Release|Any CPU.Build.0 = Release|Any CPU
		{14D4955E-7E9B-427A-8071-C5F827773761}.Debug|Any CPU.ActiveCfg = Debug|Any CPU
		{14D4955E-7E9B-427A-8071-C5F827773761}.Debug|Any CPU.Build.0 = Debug|Any CPU
		{14D4955E-7E9B-427A-8071-C5F827773761}.Release|Any CPU.ActiveCfg = Release|Any CPU
		{14D4955E-7E9B-427A-8071-C5F827773761}.Release|Any CPU.Build.0 = Release|Any CPU
	EndGlobalSection
	GlobalSection(SolutionProperties) = preSolution
		HideSolutionNode = FALSE
	EndGlobalSection
	GlobalSection(NestedProjects) = preSolution
		{C00AC987-F614-45D2-ACFA-0519CE8BC964} = {F1BB5BFD-4220-4486-B8ED-AF7E09AA0875}
		{A8806207-3F08-4161-A305-998386EB3A63} = {F1BB5BFD-4220-4486-B8ED-AF7E09AA0875}
		{D99460E3-7114-4A4F-ADE1-92DC050C2519} = {F1BB5BFD-4220-4486-B8ED-AF7E09AA0875}
		{81B92A37-441B-4BA9-B8E6-A7CE3639B45F} = {A8806207-3F08-4161-A305-998386EB3A63}
		{F0DC2BA3-0632-434F-8D78-E930455CAEF5} = {A8806207-3F08-4161-A305-998386EB3A63}
		{302E8FA0-BA37-4032-AB77-65D34D2272C8} = {D99460E3-7114-4A4F-ADE1-92DC050C2519}
		{8780F7D0-3FFE-4605-8EA0-FA2D9A90FE6D} = {C00AC987-F614-45D2-ACFA-0519CE8BC964}
		{C8848724-A2A3-4B21-821D-2AE010270753} = {DB095B08-4836-478A-8170-1064563A1010}
		{BEAF4785-5284-4ACC-A807-9763B7A54CC3} = {DB095B08-4836-478A-8170-1064563A1010}
	EndGlobalSection
	GlobalSection(ExtensibilityGlobals) = postSolution
		SolutionGuid = {7C54C826-7EDA-43BA-A753-FF16FF6A6F3F}
	EndGlobalSection
EndGlobal
